
Microsoft Visual Studio Solution File, Format Version 12.00
# Visual Studio 15
VisualStudioVersion = 15.0.28010.2019
MinimumVisualStudioVersion = 10.0.40219.1
Project("{8BC9CEB8-8B4A-11D0-8D11-00A0C91BC942}") = "hello world", "hello world\hello world.vcxproj", "{FA741927-9D9C-4657-9901-E0712540305E}"
EndProject
Project("{8BC9CEB8-8B4A-11D0-8D11-00A0C91BC942}") = "我的第一个程序", "我的第一个程序\我的第一个程序.vcxproj", "{E69FC860-876B-46EA-B429-62671039F36D}"
EndProject
Project("{8BC9CEB8-8B4A-11D0-8D11-00A0C91BC942}") = "sqrt函数", "sqrt函数\sqrt函数.vcxproj", "{85FC4402-2E7D-4F97-BD29-061E59C3D5A1}"
EndProject
Project("{8BC9CEB8-8B4A-11D0-8D11-00A0C91BC942}") = "自定义函数Simon(没有返回值)", "自定义函数Simon\自定义函数Simon.vcxproj", "{AF3601D4-8918-4C55-BF0A-060ABC04DB81}"
EndProject
Project("{8BC9CEB8-8B4A-11D0-8D11-00A0C91BC942}") = "自定义函数有返回值", "自定义函数有返回值\自定义函数有返回值.vcxproj", "{B5103B1D-B3C2-465D-B610-FEEDCEC81C1A}"
EndProject
Project("{8BC9CEB8-8B4A-11D0-8D11-00A0C91BC942}") = "编程练习2.7-1", "编程练习2.7-1\编程练习2.7-1.vcxproj", "{CE85A16A-3909-45FD-AD94-3B261EB6D713}"
EndProject
Project("{8BC9CEB8-8B4A-11D0-8D11-00A0C91BC942}") = "编程练习2.7-2", "编程练习2.7-2\编程练习2.7-2.vcxproj", "{AEB4244B-F973-41DC-A89D-F224D345B655}"
EndProject
Project("{8BC9CEB8-8B4A-11D0-8D11-00A0C91BC942}") = "编程练习2.7-3", "编程练习2.7-3\编程练习2.7-3.vcxproj", "{2037D66F-3C86-47B2-820F-E21B483589A2}"
EndProject
Project("{8BC9CEB8-8B4A-11D0-8D11-00A0C91BC942}") = "编程练习2.7-4", "编程练习2.7-4\编程练习2.7-4.vcxproj", "{DBE1A44F-7A8B-43AD-AED5-DCBB5A2D521D}"
EndProject
Project("{8BC9CEB8-8B4A-11D0-8D11-00A0C91BC942}") = "编程练习2.7-5", "编程练习2.7-5\编程练习2.7-5.vcxproj", "{49D38089-FF3C-4370-BD15-962F5C1F45F4}"
EndProject
Project("{8BC9CEB8-8B4A-11D0-8D11-00A0C91BC942}") = "第三章-3.1 limites", "第三章-3.1 limites\第三章-3.1 limites.vcxproj", "{A2567456-48C8-4E3E-97F9-F4E2C8C0F50E}"
EndProject
Project("{8BC9CEB8-8B4A-11D0-8D11-00A0C91BC942}") = "验证用", "验证用\验证用.vcxproj", "{270B91DF-C8D0-474E-86B4-E0BEFF4348CB}"
EndProject
Project("{8BC9CEB8-8B4A-11D0-8D11-00A0C91BC942}") = "4.1 arrayone", "4.1 arrayone\4.1 arrayone.vcxproj", "{2309632D-7197-49BC-9209-2600AFB4B526}"
EndProject
Project("{8BC9CEB8-8B4A-11D0-8D11-00A0C91BC942}") = "4.3 输入字符串", "4.3 输入字符串\4.3 输入字符串.vcxproj", "{170C72EC-C657-474D-AF33-8D3777AF9E77}"
EndProject
Project("{8BC9CEB8-8B4A-11D0-8D11-00A0C91BC942}") = "4.5输入字符串（拼接）", "4.5输入字符串（拼接）\4.5输入字符串（拼接）.vcxproj", "{81B05CD5-48DE-4D94-81BA-3E259395781B}"
EndProject
Project("{8BC9CEB8-8B4A-11D0-8D11-00A0C91BC942}") = "自定义一个命名空间", "自定义一个命名空间\自定义一个命名空间.vcxproj", "{418DC50D-A1E1-4AEC-85E1-A7612A706749}"
EndProject
Project("{8BC9CEB8-8B4A-11D0-8D11-00A0C91BC942}") = "10-10复习", "10-10复习\10-10复习.vcxproj", "{C8F3319E-D836-4281-AB9A-BA99E9FF937C}"
EndProject
Project("{8BC9CEB8-8B4A-11D0-8D11-00A0C91BC942}") = "运算符", "运算符\运算符.vcxproj", "{791AD233-089B-405F-8D56-4192F02C87CE}"
EndProject
Project("{8BC9CEB8-8B4A-11D0-8D11-00A0C91BC942}") = "自增和自减", "自增和自减\自增和自减.vcxproj", "{523B6B25-004D-4EB2-A9AF-813799A3348D}"
EndProject
Global
	GlobalSection(SolutionConfigurationPlatforms) = preSolution
		Debug|x64 = Debug|x64
		Debug|x86 = Debug|x86
		Release|x64 = Release|x64
		Release|x86 = Release|x86
	EndGlobalSection
	GlobalSection(ProjectConfigurationPlatforms) = postSolution
		{FA741927-9D9C-4657-9901-E0712540305E}.Debug|x64.ActiveCfg = Debug|x64
		{FA741927-9D9C-4657-9901-E0712540305E}.Debug|x64.Build.0 = Debug|x64
		{FA741927-9D9C-4657-9901-E0712540305E}.Debug|x86.ActiveCfg = Debug|Win32
		{FA741927-9D9C-4657-9901-E0712540305E}.Debug|x86.Build.0 = Debug|Win32
		{FA741927-9D9C-4657-9901-E0712540305E}.Release|x64.ActiveCfg = Release|x64
		{FA741927-9D9C-4657-9901-E0712540305E}.Release|x64.Build.0 = Release|x64
		{FA741927-9D9C-4657-9901-E0712540305E}.Release|x86.ActiveCfg = Release|Win32
		{FA741927-9D9C-4657-9901-E0712540305E}.Release|x86.Build.0 = Release|Win32
		{E69FC860-876B-46EA-B429-62671039F36D}.Debug|x64.ActiveCfg = Debug|x64
		{E69FC860-876B-46EA-B429-62671039F36D}.Debug|x64.Build.0 = Debug|x64
		{E69FC860-876B-46EA-B429-62671039F36D}.Debug|x86.ActiveCfg = Debug|Win32
		{E69FC860-876B-46EA-B429-62671039F36D}.Debug|x86.Build.0 = Debug|Win32
		{E69FC860-876B-46EA-B429-62671039F36D}.Release|x64.ActiveCfg = Release|x64
		{E69FC860-876B-46EA-B429-62671039F36D}.Release|x64.Build.0 = Release|x64
		{E69FC860-876B-46EA-B429-62671039F36D}.Release|x86.ActiveCfg = Release|Win32
		{E69FC860-876B-46EA-B429-62671039F36D}.Release|x86.Build.0 = Release|Win32
		{85FC4402-2E7D-4F97-BD29-061E59C3D5A1}.Debug|x64.ActiveCfg = Debug|x64
		{85FC4402-2E7D-4F97-BD29-061E59C3D5A1}.Debug|x64.Build.0 = Debug|x64
		{85FC4402-2E7D-4F97-BD29-061E59C3D5A1}.Debug|x86.ActiveCfg = Debug|Win32
		{85FC4402-2E7D-4F97-BD29-061E59C3D5A1}.Debug|x86.Build.0 = Debug|Win32
		{85FC4402-2E7D-4F97-BD29-061E59C3D5A1}.Release|x64.ActiveCfg = Release|x64
		{85FC4402-2E7D-4F97-BD29-061E59C3D5A1}.Release|x64.Build.0 = Release|x64
		{85FC4402-2E7D-4F97-BD29-061E59C3D5A1}.Release|x86.ActiveCfg = Release|Win32
		{85FC4402-2E7D-4F97-BD29-061E59C3D5A1}.Release|x86.Build.0 = Release|Win32
		{AF3601D4-8918-4C55-BF0A-060ABC04DB81}.Debug|x64.ActiveCfg = Debug|x64
		{AF3601D4-8918-4C55-BF0A-060ABC04DB81}.Debug|x64.Build.0 = Debug|x64
		{AF3601D4-8918-4C55-BF0A-060ABC04DB81}.Debug|x86.ActiveCfg = Debug|Win32
		{AF3601D4-8918-4C55-BF0A-060ABC04DB81}.Debug|x86.Build.0 = Debug|Win32
		{AF3601D4-8918-4C55-BF0A-060ABC04DB81}.Release|x64.ActiveCfg = Release|x64
		{AF3601D4-8918-4C55-BF0A-060ABC04DB81}.Release|x64.Build.0 = Release|x64
		{AF3601D4-8918-4C55-BF0A-060ABC04DB81}.Release|x86.ActiveCfg = Release|Win32
		{AF3601D4-8918-4C55-BF0A-060ABC04DB81}.Release|x86.Build.0 = Release|Win32
		{B5103B1D-B3C2-465D-B610-FEEDCEC81C1A}.Debug|x64.ActiveCfg = Debug|x64
		{B5103B1D-B3C2-465D-B610-FEEDCEC81C1A}.Debug|x64.Build.0 = Debug|x64
		{B5103B1D-B3C2-465D-B610-FEEDCEC81C1A}.Debug|x86.ActiveCfg = Debug|Win32
		{B5103B1D-B3C2-465D-B610-FEEDCEC81C1A}.Debug|x86.Build.0 = Debug|Win32
		{B5103B1D-B3C2-465D-B610-FEEDCEC81C1A}.Release|x64.ActiveCfg = Release|x64
		{B5103B1D-B3C2-465D-B610-FEEDCEC81C1A}.Release|x64.Build.0 = Release|x64
		{B5103B1D-B3C2-465D-B610-FEEDCEC81C1A}.Release|x86.ActiveCfg = Release|Win32
		{B5103B1D-B3C2-465D-B610-FEEDCEC81C1A}.Release|x86.Build.0 = Release|Win32
		{CE85A16A-3909-45FD-AD94-3B261EB6D713}.Debug|x64.ActiveCfg = Debug|x64
		{CE85A16A-3909-45FD-AD94-3B261EB6D713}.Debug|x64.Build.0 = Debug|x64
		{CE85A16A-3909-45FD-AD94-3B261EB6D713}.Debug|x86.ActiveCfg = Debug|Win32
		{CE85A16A-3909-45FD-AD94-3B261EB6D713}.Debug|x86.Build.0 = Debug|Win32
		{CE85A16A-3909-45FD-AD94-3B261EB6D713}.Release|x64.ActiveCfg = Release|x64
		{CE85A16A-3909-45FD-AD94-3B261EB6D713}.Release|x64.Build.0 = Release|x64
		{CE85A16A-3909-45FD-AD94-3B261EB6D713}.Release|x86.ActiveCfg = Release|Win32
		{CE85A16A-3909-45FD-AD94-3B261EB6D713}.Release|x86.Build.0 = Release|Win32
		{AEB4244B-F973-41DC-A89D-F224D345B655}.Debug|x64.ActiveCfg = Debug|x64
		{AEB4244B-F973-41DC-A89D-F224D345B655}.Debug|x64.Build.0 = Debug|x64
		{AEB4244B-F973-41DC-A89D-F224D345B655}.Debug|x86.ActiveCfg = Debug|Win32
		{AEB4244B-F973-41DC-A89D-F224D345B655}.Debug|x86.Build.0 = Debug|Win32
		{AEB4244B-F973-41DC-A89D-F224D345B655}.Release|x64.ActiveCfg = Release|x64
		{AEB4244B-F973-41DC-A89D-F224D345B655}.Release|x64.Build.0 = Release|x64
		{AEB4244B-F973-41DC-A89D-F224D345B655}.Release|x86.ActiveCfg = Release|Win32
		{AEB4244B-F973-41DC-A89D-F224D345B655}.Release|x86.Build.0 = Release|Win32
		{2037D66F-3C86-47B2-820F-E21B483589A2}.Debug|x64.ActiveCfg = Debug|x64
		{2037D66F-3C86-47B2-820F-E21B483589A2}.Debug|x64.Build.0 = Debug|x64
		{2037D66F-3C86-47B2-820F-E21B483589A2}.Debug|x86.ActiveCfg = Debug|Win32
		{2037D66F-3C86-47B2-820F-E21B483589A2}.Debug|x86.Build.0 = Debug|Win32
		{2037D66F-3C86-47B2-820F-E21B483589A2}.Release|x64.ActiveCfg = Release|x64
		{2037D66F-3C86-47B2-820F-E21B483589A2}.Release|x64.Build.0 = Release|x64
		{2037D66F-3C86-47B2-820F-E21B483589A2}.Release|x86.ActiveCfg = Release|Win32
		{2037D66F-3C86-47B2-820F-E21B483589A2}.Release|x86.Build.0 = Release|Win32
		{DBE1A44F-7A8B-43AD-AED5-DCBB5A2D521D}.Debug|x64.ActiveCfg = Debug|x64
		{DBE1A44F-7A8B-43AD-AED5-DCBB5A2D521D}.Debug|x64.Build.0 = Debug|x64
		{DBE1A44F-7A8B-43AD-AED5-DCBB5A2D521D}.Debug|x86.ActiveCfg = Debug|Win32
		{DBE1A44F-7A8B-43AD-AED5-DCBB5A2D521D}.Debug|x86.Build.0 = Debug|Win32
		{DBE1A44F-7A8B-43AD-AED5-DCBB5A2D521D}.Release|x64.ActiveCfg = Release|x64
		{DBE1A44F-7A8B-43AD-AED5-DCBB5A2D521D}.Release|x64.Build.0 = Release|x64
		{DBE1A44F-7A8B-43AD-AED5-DCBB5A2D521D}.Release|x86.ActiveCfg = Release|Win32
		{DBE1A44F-7A8B-43AD-AED5-DCBB5A2D521D}.Release|x86.Build.0 = Release|Win32
		{49D38089-FF3C-4370-BD15-962F5C1F45F4}.Debug|x64.ActiveCfg = Debug|x64
		{49D38089-FF3C-4370-BD15-962F5C1F45F4}.Debug|x64.Build.0 = Debug|x64
		{49D38089-FF3C-4370-BD15-962F5C1F45F4}.Debug|x86.ActiveCfg = Debug|Win32
		{49D38089-FF3C-4370-BD15-962F5C1F45F4}.Debug|x86.Build.0 = Debug|Win32
		{49D38089-FF3C-4370-BD15-962F5C1F45F4}.Release|x64.ActiveCfg = Release|x64
		{49D38089-FF3C-4370-BD15-962F5C1F45F4}.Release|x64.Build.0 = Release|x64
		{49D38089-FF3C-4370-BD15-962F5C1F45F4}.Release|x86.ActiveCfg = Release|Win32
		{49D38089-FF3C-4370-BD15-962F5C1F45F4}.Release|x86.Build.0 = Release|Win32
		{A2567456-48C8-4E3E-97F9-F4E2C8C0F50E}.Debug|x64.ActiveCfg = Debug|x64
		{A2567456-48C8-4E3E-97F9-F4E2C8C0F50E}.Debug|x64.Build.0 = Debug|x64
		{A2567456-48C8-4E3E-97F9-F4E2C8C0F50E}.Debug|x86.ActiveCfg = Debug|Win32
		{A2567456-48C8-4E3E-97F9-F4E2C8C0F50E}.Debug|x86.Build.0 = Debug|Win32
		{A2567456-48C8-4E3E-97F9-F4E2C8C0F50E}.Release|x64.ActiveCfg = Release|x64
		{A2567456-48C8-4E3E-97F9-F4E2C8C0F50E}.Release|x64.Build.0 = Release|x64
		{A2567456-48C8-4E3E-97F9-F4E2C8C0F50E}.Release|x86.ActiveCfg = Release|Win32
		{A2567456-48C8-4E3E-97F9-F4E2C8C0F50E}.Release|x86.Build.0 = Release|Win32
		{270B91DF-C8D0-474E-86B4-E0BEFF4348CB}.Debug|x64.ActiveCfg = Debug|x64
		{270B91DF-C8D0-474E-86B4-E0BEFF4348CB}.Debug|x64.Build.0 = Debug|x64
		{270B91DF-C8D0-474E-86B4-E0BEFF4348CB}.Debug|x86.ActiveCfg = Debug|Win32
		{270B91DF-C8D0-474E-86B4-E0BEFF4348CB}.Debug|x86.Build.0 = Debug|Win32
		{270B91DF-C8D0-474E-86B4-E0BEFF4348CB}.Release|x64.ActiveCfg = Release|x64
		{270B91DF-C8D0-474E-86B4-E0BEFF4348CB}.Release|x64.Build.0 = Release|x64
		{270B91DF-C8D0-474E-86B4-E0BEFF4348CB}.Release|x86.ActiveCfg = Release|Win32
		{270B91DF-C8D0-474E-86B4-E0BEFF4348CB}.Release|x86.Build.0 = Release|Win32
		{2309632D-7197-49BC-9209-2600AFB4B526}.Debug|x64.ActiveCfg = Debug|x64
		{2309632D-7197-49BC-9209-2600AFB4B526}.Debug|x64.Build.0 = Debug|x64
		{2309632D-7197-49BC-9209-2600AFB4B526}.Debug|x86.ActiveCfg = Debug|Win32
		{2309632D-7197-49BC-9209-2600AFB4B526}.Debug|x86.Build.0 = Debug|Win32
		{2309632D-7197-49BC-9209-2600AFB4B526}.Release|x64.ActiveCfg = Release|x64
		{2309632D-7197-49BC-9209-2600AFB4B526}.Release|x64.Build.0 = Release|x64
		{2309632D-7197-49BC-9209-2600AFB4B526}.Release|x86.ActiveCfg = Release|Win32
		{2309632D-7197-49BC-9209-2600AFB4B526}.Release|x86.Build.0 = Release|Win32
		{170C72EC-C657-474D-AF33-8D3777AF9E77}.Debug|x64.ActiveCfg = Debug|x64
		{170C72EC-C657-474D-AF33-8D3777AF9E77}.Debug|x64.Build.0 = Debug|x64
		{170C72EC-C657-474D-AF33-8D3777AF9E77}.Debug|x86.ActiveCfg = Debug|Win32
		{170C72EC-C657-474D-AF33-8D3777AF9E77}.Debug|x86.Build.0 = Debug|Win32
		{170C72EC-C657-474D-AF33-8D3777AF9E77}.Release|x64.ActiveCfg = Release|x64
		{170C72EC-C657-474D-AF33-8D3777AF9E77}.Release|x64.Build.0 = Release|x64
		{170C72EC-C657-474D-AF33-8D3777AF9E77}.Release|x86.ActiveCfg = Release|Win32
		{170C72EC-C657-474D-AF33-8D3777AF9E77}.Release|x86.Build.0 = Release|Win32
		{81B05CD5-48DE-4D94-81BA-3E259395781B}.Debug|x64.ActiveCfg = Debug|x64
		{81B05CD5-48DE-4D94-81BA-3E259395781B}.Debug|x64.Build.0 = Debug|x64
		{81B05CD5-48DE-4D94-81BA-3E259395781B}.Debug|x86.ActiveCfg = Debug|Win32
		{81B05CD5-48DE-4D94-81BA-3E259395781B}.Debug|x86.Build.0 = Debug|Win32
		{81B05CD5-48DE-4D94-81BA-3E259395781B}.Release|x64.ActiveCfg = Release|x64
		{81B05CD5-48DE-4D94-81BA-3E259395781B}.Release|x64.Build.0 = Release|x64
		{81B05CD5-48DE-4D94-81BA-3E259395781B}.Release|x86.ActiveCfg = Release|Win32
		{81B05CD5-48DE-4D94-81BA-3E259395781B}.Release|x86.Build.0 = Release|Win32
		{418DC50D-A1E1-4AEC-85E1-A7612A706749}.Debug|x64.ActiveCfg = Debug|x64
		{418DC50D-A1E1-4AEC-85E1-A7612A706749}.Debug|x64.Build.0 = Debug|x64
		{418DC50D-A1E1-4AEC-85E1-A7612A706749}.Debug|x86.ActiveCfg = Debug|Win32
		{418DC50D-A1E1-4AEC-85E1-A7612A706749}.Debug|x86.Build.0 = Debug|Win32
		{418DC50D-A1E1-4AEC-85E1-A7612A706749}.Release|x64.ActiveCfg = Release|x64
		{418DC50D-A1E1-4AEC-85E1-A7612A706749}.Release|x64.Build.0 = Release|x64
		{418DC50D-A1E1-4AEC-85E1-A7612A706749}.Release|x86.ActiveCfg = Release|Win32
		{418DC50D-A1E1-4AEC-85E1-A7612A706749}.Release|x86.Build.0 = Release|Win32
		{C8F3319E-D836-4281-AB9A-BA99E9FF937C}.Debug|x64.ActiveCfg = Debug|x64
		{C8F3319E-D836-4281-AB9A-BA99E9FF937C}.Debug|x64.Build.0 = Debug|x64
		{C8F3319E-D836-4281-AB9A-BA99E9FF937C}.Debug|x86.ActiveCfg = Debug|Win32
		{C8F3319E-D836-4281-AB9A-BA99E9FF937C}.Debug|x86.Build.0 = Debug|Win32
		{C8F3319E-D836-4281-AB9A-BA99E9FF937C}.Release|x64.ActiveCfg = Release|x64
		{C8F3319E-D836-4281-AB9A-BA99E9FF937C}.Release|x64.Build.0 = Release|x64
		{C8F3319E-D836-4281-AB9A-BA99E9FF937C}.Release|x86.ActiveCfg = Release|Win32
		{C8F3319E-D836-4281-AB9A-BA99E9FF937C}.Release|x86.Build.0 = Release|Win32
		{791AD233-089B-405F-8D56-4192F02C87CE}.Debug|x64.ActiveCfg = Debug|x64
		{791AD233-089B-405F-8D56-4192F02C87CE}.Debug|x64.Build.0 = Debug|x64
		{791AD233-089B-405F-8D56-4192F02C87CE}.Debug|x86.ActiveCfg = Debug|Win32
		{791AD233-089B-405F-8D56-4192F02C87CE}.Debug|x86.Build.0 = Debug|Win32
		{791AD233-089B-405F-8D56-4192F02C87CE}.Release|x64.ActiveCfg = Release|x64
		{791AD233-089B-405F-8D56-4192F02C87CE}.Release|x64.Build.0 = Release|x64
		{791AD233-089B-405F-8D56-4192F02C87CE}.Release|x86.ActiveCfg = Release|Win32
		{791AD233-089B-405F-8D56-4192F02C87CE}.Release|x86.Build.0 = Release|Win32
		{523B6B25-004D-4EB2-A9AF-813799A3348D}.Debug|x64.ActiveCfg = Debug|x64
		{523B6B25-004D-4EB2-A9AF-813799A3348D}.Debug|x64.Build.0 = Debug|x64
		{523B6B25-004D-4EB2-A9AF-813799A3348D}.Debug|x86.ActiveCfg = Debug|Win32
		{523B6B25-004D-4EB2-A9AF-813799A3348D}.Debug|x86.Build.0 = Debug|Win32
		{523B6B25-004D-4EB2-A9AF-813799A3348D}.Release|x64.ActiveCfg = Release|x64
		{523B6B25-004D-4EB2-A9AF-813799A3348D}.Release|x64.Build.0 = Release|x64
		{523B6B25-004D-4EB2-A9AF-813799A3348D}.Release|x86.ActiveCfg = Release|Win32
		{523B6B25-004D-4EB2-A9AF-813799A3348D}.Release|x86.Build.0 = Release|Win32
	EndGlobalSection
	GlobalSection(SolutionProperties) = preSolution
		HideSolutionNode = FALSE
	EndGlobalSection
	GlobalSection(ExtensibilityGlobals) = postSolution
		SolutionGuid = {68D14740-BB76-46AA-B71B-91888CF3D052}
	EndGlobalSection
EndGlobal
